
Microsoft Visual Studio Solution File, Format Version 12.00
# Visual Studio Version 16
VisualStudioVersion = 16.0.29306.81
MinimumVisualStudioVersion = 10.0.40219.1
Project("{FAE04EC0-301F-11D3-BF4B-00C04F79EFBC}") = "10_Foxes", "10_Foxes\10_Foxes.csproj", "{DD9CF2AC-AA0D-423D-8295-AFCA56439F53}"
EndProject
Global
	GlobalSection(SolutionConfigurationPlatforms) = preSolution
		Debug|Any CPU = Debug|Any CPU
		Release|Any CPU = Release|Any CPU
	EndGlobalSection
	GlobalSection(ProjectConfigurationPlatforms) = postSolution
		{DD9CF2AC-AA0D-423D-8295-AFCA56439F53}.Debug|Any CPU.ActiveCfg = Debug|Any CPU
		{DD9CF2AC-AA0D-423D-8295-AFCA56439F53}.Debug|Any CPU.Build.0 = Debug|Any CPU
		{DD9CF2AC-AA0D-423D-8295-AFCA56439F53}.Release|Any CPU.ActiveCfg = Release|Any CPU
		{DD9CF2AC-AA0D-423D-8295-AFCA56439F53}.Release|Any CPU.Build.0 = Release|Any CPU
	EndGlobalSection
	GlobalSection(SolutionProperties) = preSolution
		HideSolutionNode = FALSE
	EndGlobalSection
	GlobalSection(ExtensibilityGlobals) = postSolution
		SolutionGuid = {E4B4209D-5A6B-413C-899F-6AF8FAC53BC2}
	EndGlobalSection
EndGlobal
