
Microsoft Visual Studio Solution File, Format Version 12.00
# Visual Studio Version 16
VisualStudioVersion = 16.0.29306.81
MinimumVisualStudioVersion = 10.0.40219.1
Project("{FAE04EC0-301F-11D3-BF4B-00C04F79EFBC}") = "ConsoleApp1", "ConsoleApp1\ConsoleApp1.csproj", "{160531B9-8CBF-43E6-9F27-FB090408159F}"
EndProject
Global
	GlobalSection(SolutionConfigurationPlatforms) = preSolution
		Debug|Any CPU = Debug|Any CPU
		Release|Any CPU = Release|Any CPU
	EndGlobalSection
	GlobalSection(ProjectConfigurationPlatforms) = postSolution
		{160531B9-8CBF-43E6-9F27-FB090408159F}.Debug|Any CPU.ActiveCfg = Debug|Any CPU
		{160531B9-8CBF-43E6-9F27-FB090408159F}.Debug|Any CPU.Build.0 = Debug|Any CPU
		{160531B9-8CBF-43E6-9F27-FB090408159F}.Release|Any CPU.ActiveCfg = Release|Any CPU
		{160531B9-8CBF-43E6-9F27-FB090408159F}.Release|Any CPU.Build.0 = Release|Any CPU
	EndGlobalSection
	GlobalSection(SolutionProperties) = preSolution
		HideSolutionNode = FALSE
	EndGlobalSection
	GlobalSection(ExtensibilityGlobals) = postSolution
		SolutionGuid = {A2548AB0-4051-46C6-B703-DCEAE0976030}
	EndGlobalSection
EndGlobal
