
Microsoft Visual Studio Solution File, Format Version 12.00
# Visual Studio Version 16
VisualStudioVersion = 16.0.29306.81
MinimumVisualStudioVersion = 10.0.40219.1
Project("{FAE04EC0-301F-11D3-BF4B-00C04F79EFBC}") = "WebShop", "WebShop\WebShop.csproj", "{7B312D7A-DB43-4FBC-8C22-21EF3503162C}"
EndProject
Global
	GlobalSection(SolutionConfigurationPlatforms) = preSolution
		Debug|Any CPU = Debug|Any CPU
		Release|Any CPU = Release|Any CPU
	EndGlobalSection
	GlobalSection(ProjectConfigurationPlatforms) = postSolution
		{7B312D7A-DB43-4FBC-8C22-21EF3503162C}.Debug|Any CPU.ActiveCfg = Debug|Any CPU
		{7B312D7A-DB43-4FBC-8C22-21EF3503162C}.Debug|Any CPU.Build.0 = Debug|Any CPU
		{7B312D7A-DB43-4FBC-8C22-21EF3503162C}.Release|Any CPU.ActiveCfg = Release|Any CPU
		{7B312D7A-DB43-4FBC-8C22-21EF3503162C}.Release|Any CPU.Build.0 = Release|Any CPU
	EndGlobalSection
	GlobalSection(SolutionProperties) = preSolution
		HideSolutionNode = FALSE
	EndGlobalSection
	GlobalSection(ExtensibilityGlobals) = postSolution
		SolutionGuid = {A8F9A047-6098-4C19-AE63-7DF8911C94A1}
	EndGlobalSection
EndGlobal
